
Microsoft Visual Studio Solution File, Format Version 12.00
# Visual Studio Version 16
VisualStudioVersion = 16.0.29326.143
MinimumVisualStudioVersion = 10.0.40219.1
Project("{FAE04EC0-301F-11D3-BF4B-00C04F79EFBC}") = "Project0", "Project0\Project0.csproj", "{9E373974-9BA3-4482-A1B6-5D4B71DB4C77}"
EndProject
Project("{FAE04EC0-301F-11D3-BF4B-00C04F79EFBC}") = "Project0.Library", "Project0.Library\Project0.Library.csproj", "{54F69F8D-A040-468B-9640-470547E008B2}"
EndProject
Global
	GlobalSection(SolutionConfigurationPlatforms) = preSolution
		Debug|Any CPU = Debug|Any CPU
		Release|Any CPU = Release|Any CPU
	EndGlobalSection
	GlobalSection(ProjectConfigurationPlatforms) = postSolution
		{9E373974-9BA3-4482-A1B6-5D4B71DB4C77}.Debug|Any CPU.ActiveCfg = Debug|Any CPU
		{9E373974-9BA3-4482-A1B6-5D4B71DB4C77}.Debug|Any CPU.Build.0 = Debug|Any CPU
		{9E373974-9BA3-4482-A1B6-5D4B71DB4C77}.Release|Any CPU.ActiveCfg = Release|Any CPU
		{9E373974-9BA3-4482-A1B6-5D4B71DB4C77}.Release|Any CPU.Build.0 = Release|Any CPU
		{54F69F8D-A040-468B-9640-470547E008B2}.Debug|Any CPU.ActiveCfg = Debug|Any CPU
		{54F69F8D-A040-468B-9640-470547E008B2}.Debug|Any CPU.Build.0 = Debug|Any CPU
		{54F69F8D-A040-468B-9640-470547E008B2}.Release|Any CPU.ActiveCfg = Release|Any CPU
		{54F69F8D-A040-468B-9640-470547E008B2}.Release|Any CPU.Build.0 = Release|Any CPU
	EndGlobalSection
	GlobalSection(SolutionProperties) = preSolution
		HideSolutionNode = FALSE
	EndGlobalSection
	GlobalSection(ExtensibilityGlobals) = postSolution
		SolutionGuid = {15FE4078-427A-4E8A-994E-678656403117}
	EndGlobalSection
EndGlobal
